
Microsoft Visual Studio Solution File, Format Version 11.00
# Visual Studio 2010
Project("{FAE04EC0-301F-11D3-BF4B-00C04F79EFBC}") = "AndroidApplication", "AndroidApplication.csproj", "{B2962F45-456F-4C74-B922-47E02F82B466}"
EndProject
Global
	GlobalSection(SolutionConfigurationPlatforms) = preSolution
		Debug|Any CPU = Debug|Any CPU
		Release|Any CPU = Release|Any CPU
	EndGlobalSection
	GlobalSection(ProjectConfigurationPlatforms) = postSolution
		{B2962F45-456F-4C74-B922-47E02F82B466}.Debug|Any CPU.ActiveCfg = Debug|Any CPU
		{B2962F45-456F-4C74-B922-47E02F82B466}.Debug|Any CPU.Build.0 = Debug|Any CPU
		{B2962F45-456F-4C74-B922-47E02F82B466}.Release|Any CPU.ActiveCfg = Release|Any CPU
		{B2962F45-456F-4C74-B922-47E02F82B466}.Release|Any CPU.Build.0 = Release|Any CPU
	EndGlobalSection
	GlobalSection(MonoDevelopProperties) = preSolution
		StartupItem = AndroidApplication.csproj
	EndGlobalSection
EndGlobal
